
Microsoft Visual Studio Solution File, Format Version 12.00
# Visual Studio Version 17
VisualStudioVersion = 17.5.002.0
MinimumVisualStudioVersion = 10.0.40219.1
Project("{2150E333-8FDC-42A3-9474-1A3956D46DE8}") = "src", "src", "{880DA0AF-5D8D-4D07-915D-254489F9D5E0}"
EndProject
Project("{9A19103F-16F7-4668-BE54-9A1E7A4F7556}") = "Application", "src\Application\Application.csproj", "{2FF82D1A-F4FF-4515-A2C0-316700960335}"
EndProject
Project("{9A19103F-16F7-4668-BE54-9A1E7A4F7556}") = "ConsoleApp", "src\ConsoleApp\ConsoleApp.csproj", "{9FAD1D4F-48E1-48C6-8D46-01031D3F455E}"
EndProject
Project("{9A19103F-16F7-4668-BE54-9A1E7A4F7556}") = "WebApp", "src\WebApp\WebApp.csproj", "{785FD326-BBD7-4AAA-9255-446AAB91EE4A}"
EndProject
Global
	GlobalSection(SolutionConfigurationPlatforms) = preSolution
		Debug|Any CPU = Debug|Any CPU
		Release|Any CPU = Release|Any CPU
	EndGlobalSection
	GlobalSection(ProjectConfigurationPlatforms) = postSolution
		{2FF82D1A-F4FF-4515-A2C0-316700960335}.Debug|Any CPU.ActiveCfg = Debug|Any CPU
		{2FF82D1A-F4FF-4515-A2C0-316700960335}.Debug|Any CPU.Build.0 = Debug|Any CPU
		{2FF82D1A-F4FF-4515-A2C0-316700960335}.Release|Any CPU.ActiveCfg = Release|Any CPU
		{2FF82D1A-F4FF-4515-A2C0-316700960335}.Release|Any CPU.Build.0 = Release|Any CPU
		{9FAD1D4F-48E1-48C6-8D46-01031D3F455E}.Debug|Any CPU.ActiveCfg = Debug|Any CPU
		{9FAD1D4F-48E1-48C6-8D46-01031D3F455E}.Debug|Any CPU.Build.0 = Debug|Any CPU
		{9FAD1D4F-48E1-48C6-8D46-01031D3F455E}.Release|Any CPU.ActiveCfg = Release|Any CPU
		{9FAD1D4F-48E1-48C6-8D46-01031D3F455E}.Release|Any CPU.Build.0 = Release|Any CPU
		{785FD326-BBD7-4AAA-9255-446AAB91EE4A}.Debug|Any CPU.ActiveCfg = Debug|Any CPU
		{785FD326-BBD7-4AAA-9255-446AAB91EE4A}.Debug|Any CPU.Build.0 = Debug|Any CPU
		{785FD326-BBD7-4AAA-9255-446AAB91EE4A}.Release|Any CPU.ActiveCfg = Release|Any CPU
		{785FD326-BBD7-4AAA-9255-446AAB91EE4A}.Release|Any CPU.Build.0 = Release|Any CPU
	EndGlobalSection
	GlobalSection(SolutionProperties) = preSolution
		HideSolutionNode = FALSE
	EndGlobalSection
	GlobalSection(NestedProjects) = preSolution
		{2FF82D1A-F4FF-4515-A2C0-316700960335} = {880DA0AF-5D8D-4D07-915D-254489F9D5E0}
		{9FAD1D4F-48E1-48C6-8D46-01031D3F455E} = {880DA0AF-5D8D-4D07-915D-254489F9D5E0}
		{785FD326-BBD7-4AAA-9255-446AAB91EE4A} = {880DA0AF-5D8D-4D07-915D-254489F9D5E0}
	EndGlobalSection
	GlobalSection(ExtensibilityGlobals) = postSolution
		SolutionGuid = {A4BB914F-4F03-4B17-B144-1359A836B619}
	EndGlobalSection
EndGlobal
